// !$*UTF8*$!
{
	archiveVersion = 1;
	classes = {
	};
	objectVersion = 46;
	objects = {

/* Begin PBXBuildFile section */
		EDB09D2B1D85BD25000FC309 /* AppDelegate.swift in Sources */ = {isa = PBXBuildFile; fileRef = EDB09D2A1D85BD25000FC309 /* AppDelegate.swift */; };
		EDB09D2D1D85BD25000FC309 /* ViewController.swift in Sources */ = {isa = PBXBuildFile; fileRef = EDB09D2C1D85BD25000FC309 /* ViewController.swift */; };
		EDB09D301D85BD25000FC309 /* Main.storyboard in Resources */ = {isa = PBXBuildFile; fileRef = EDB09D2E1D85BD25000FC309 /* Main.storyboard */; };
		EDB09D331D85BD25000FC309 /* HoratioDemo.xcdatamodeld in Sources */ = {isa = PBXBuildFile; fileRef = EDB09D311D85BD25000FC309 /* HoratioDemo.xcdatamodeld */; };
		EDB09D351D85BD25000FC309 /* Assets.xcassets in Resources */ = {isa = PBXBuildFile; fileRef = EDB09D341D85BD25000FC309 /* Assets.xcassets */; };
		EDB09D381D85BD25000FC309 /* LaunchScreen.storyboard in Resources */ = {isa = PBXBuildFile; fileRef = EDB09D361D85BD25000FC309 /* LaunchScreen.storyboard */; };
		EDB09D431D85BD26000FC309 /* HoratioDemoTests.swift in Sources */ = {isa = PBXBuildFile; fileRef = EDB09D421D85BD26000FC309 /* HoratioDemoTests.swift */; };
		EDB09D4E1D85BD26000FC309 /* HoratioDemoUITests.swift in Sources */ = {isa = PBXBuildFile; fileRef = EDB09D4D1D85BD26000FC309 /* HoratioDemoUITests.swift */; };
/* End PBXBuildFile section */

/* Begin PBXContainerItemProxy section */
		EDB09D3F1D85BD26000FC309 /* PBXContainerItemProxy */ = {
			isa = PBXContainerItemProxy;
			containerPortal = EDB09D1F1D85BD25000FC309 /* Project object */;
			proxyType = 1;
			remoteGlobalIDString = EDB09D261D85BD25000FC309;
			remoteInfo = HoratioDemo;
		};
		EDB09D4A1D85BD26000FC309 /* PBXContainerItemProxy */ = {
			isa = PBXContainerItemProxy;
			containerPortal = EDB09D1F1D85BD25000FC309 /* Project object */;
			proxyType = 1;
			remoteGlobalIDString = EDB09D261D85BD25000FC309;
			remoteInfo = HoratioDemo;
		};
		EDB7F4C41EC2137B0037CCB3 /* PBXContainerItemProxy */ = {
			isa = PBXContainerItemProxy;
			containerPortal = EDB7F4BF1EC2137B0037CCB3 /* Horatio.xcodeproj */;
			proxyType = 2;
			remoteGlobalIDString = EDB7F41D1EC211DD0037CCB3;
			remoteInfo = Horatio;
		};
		EDB7F4C61EC2137B0037CCB3 /* PBXContainerItemProxy */ = {
			isa = PBXContainerItemProxy;
			containerPortal = EDB7F4BF1EC2137B0037CCB3 /* Horatio.xcodeproj */;
			proxyType = 2;
			remoteGlobalIDString = EDB7F4261EC211DD0037CCB3;
			remoteInfo = HoratioTests;
		};
/* End PBXContainerItemProxy section */

/* Begin PBXFileReference section */
		EDB09D271D85BD25000FC309 /* HoratioDemo.app */ = {isa = PBXFileReference; explicitFileType = wrapper.application; includeInIndex = 0; path = HoratioDemo.app; sourceTree = BUILT_PRODUCTS_DIR; };
		EDB09D2A1D85BD25000FC309 /* AppDelegate.swift */ = {isa = PBXFileReference; lastKnownFileType = sourcecode.swift; path = AppDelegate.swift; sourceTree = "<group>"; };
		EDB09D2C1D85BD25000FC309 /* ViewController.swift */ = {isa = PBXFileReference; lastKnownFileType = sourcecode.swift; path = ViewController.swift; sourceTree = "<group>"; };
		EDB09D2F1D85BD25000FC309 /* Base */ = {isa = PBXFileReference; lastKnownFileType = file.storyboard; name = Base; path = Base.lproj/Main.storyboard; sourceTree = "<group>"; };
		EDB09D321D85BD25000FC309 /* HoratioDemo.xcdatamodel */ = {isa = PBXFileReference; lastKnownFileType = wrapper.xcdatamodel; path = HoratioDemo.xcdatamodel; sourceTree = "<group>"; };
		EDB09D341D85BD25000FC309 /* Assets.xcassets */ = {isa = PBXFileReference; lastKnownFileType = folder.assetcatalog; path = Assets.xcassets; sourceTree = "<group>"; };
		EDB09D371D85BD25000FC309 /* Base */ = {isa = PBXFileReference; lastKnownFileType = file.storyboard; name = Base; path = Base.lproj/LaunchScreen.storyboard; sourceTree = "<group>"; };
		EDB09D391D85BD25000FC309 /* Info.plist */ = {isa = PBXFileReference; lastKnownFileType = text.plist.xml; path = Info.plist; sourceTree = "<group>"; };
		EDB09D3E1D85BD26000FC309 /* HoratioDemoTests.xctest */ = {isa = PBXFileReference; explicitFileType = wrapper.cfbundle; includeInIndex = 0; path = HoratioDemoTests.xctest; sourceTree = BUILT_PRODUCTS_DIR; };
		EDB09D421D85BD26000FC309 /* HoratioDemoTests.swift */ = {isa = PBXFileReference; lastKnownFileType = sourcecode.swift; path = HoratioDemoTests.swift; sourceTree = "<group>"; };
		EDB09D441D85BD26000FC309 /* Info.plist */ = {isa = PBXFileReference; lastKnownFileType = text.plist.xml; path = Info.plist; sourceTree = "<group>"; };
		EDB09D491D85BD26000FC309 /* HoratioDemoUITests.xctest */ = {isa = PBXFileReference; explicitFileType = wrapper.cfbundle; includeInIndex = 0; path = HoratioDemoUITests.xctest; sourceTree = BUILT_PRODUCTS_DIR; };
		EDB09D4D1D85BD26000FC309 /* HoratioDemoUITests.swift */ = {isa = PBXFileReference; lastKnownFileType = sourcecode.swift; path = HoratioDemoUITests.swift; sourceTree = "<group>"; };
		EDB09D4F1D85BD26000FC309 /* Info.plist */ = {isa = PBXFileReference; lastKnownFileType = text.plist.xml; path = Info.plist; sourceTree = "<group>"; };
		EDB7F4BF1EC2137B0037CCB3 /* Horatio.xcodeproj */ = {isa = PBXFileReference; lastKnownFileType = "wrapper.pb-project"; name = Horatio.xcodeproj; path = ../Horatio/Horatio.xcodeproj; sourceTree = "<group>"; };
/* End PBXFileReference section */

/* Begin PBXFrameworksBuildPhase section */
		EDB09D241D85BD25000FC309 /* Frameworks */ = {
			isa = PBXFrameworksBuildPhase;
			buildActionMask = 2147483647;
			files = (
			);
			runOnlyForDeploymentPostprocessing = 0;
		};
		EDB09D3B1D85BD26000FC309 /* Frameworks */ = {
			isa = PBXFrameworksBuildPhase;
			buildActionMask = 2147483647;
			files = (
			);
			runOnlyForDeploymentPostprocessing = 0;
		};
		EDB09D461D85BD26000FC309 /* Frameworks */ = {
			isa = PBXFrameworksBuildPhase;
			buildActionMask = 2147483647;
			files = (
			);
			runOnlyForDeploymentPostprocessing = 0;
		};
/* End PBXFrameworksBuildPhase section */

/* Begin PBXGroup section */
		EDB09D1E1D85BD25000FC309 = {
			isa = PBXGroup;
			children = (
				EDB09D291D85BD25000FC309 /* HoratioDemo */,
				EDB09D411D85BD26000FC309 /* HoratioDemoTests */,
				EDB09D4C1D85BD26000FC309 /* HoratioDemoUITests */,
				EDB09D5B1D85BF19000FC309 /* Vendor */,
				EDB09D281D85BD25000FC309 /* Products */,
			);
			sourceTree = "<group>";
		};
		EDB09D281D85BD25000FC309 /* Products */ = {
			isa = PBXGroup;
			children = (
				EDB09D271D85BD25000FC309 /* HoratioDemo.app */,
				EDB09D3E1D85BD26000FC309 /* HoratioDemoTests.xctest */,
				EDB09D491D85BD26000FC309 /* HoratioDemoUITests.xctest */,
			);
			name = Products;
			sourceTree = "<group>";
		};
		EDB09D291D85BD25000FC309 /* HoratioDemo */ = {
			isa = PBXGroup;
			children = (
				EDB09D2A1D85BD25000FC309 /* AppDelegate.swift */,
				EDB09D2C1D85BD25000FC309 /* ViewController.swift */,
				EDB09D2E1D85BD25000FC309 /* Main.storyboard */,
				EDB09D341D85BD25000FC309 /* Assets.xcassets */,
				EDB09D361D85BD25000FC309 /* LaunchScreen.storyboard */,
				EDB09D391D85BD25000FC309 /* Info.plist */,
				EDB09D311D85BD25000FC309 /* HoratioDemo.xcdatamodeld */,
			);
			path = HoratioDemo;
			sourceTree = "<group>";
		};
		EDB09D411D85BD26000FC309 /* HoratioDemoTests */ = {
			isa = PBXGroup;
			children = (
				EDB09D421D85BD26000FC309 /* HoratioDemoTests.swift */,
				EDB09D441D85BD26000FC309 /* Info.plist */,
			);
			path = HoratioDemoTests;
			sourceTree = "<group>";
		};
		EDB09D4C1D85BD26000FC309 /* HoratioDemoUITests */ = {
			isa = PBXGroup;
			children = (
				EDB09D4D1D85BD26000FC309 /* HoratioDemoUITests.swift */,
				EDB09D4F1D85BD26000FC309 /* Info.plist */,
			);
			path = HoratioDemoUITests;
			sourceTree = "<group>";
		};
		EDB09D5B1D85BF19000FC309 /* Vendor */ = {
			isa = PBXGroup;
			children = (
				EDB7F4BF1EC2137B0037CCB3 /* Horatio.xcodeproj */,
			);
			name = Vendor;
			sourceTree = "<group>";
		};
		EDB7F4C01EC2137B0037CCB3 /* Products */ = {
			isa = PBXGroup;
			children = (
				EDB7F4C51EC2137B0037CCB3 /* Horatio.framework */,
				EDB7F4C71EC2137B0037CCB3 /* HoratioTests.xctest */,
			);
			name = Products;
			sourceTree = "<group>";
		};
/* End PBXGroup section */

/* Begin PBXNativeTarget section */
		EDB09D261D85BD25000FC309 /* HoratioDemo */ = {
			isa = PBXNativeTarget;
			buildConfigurationList = EDB09D521D85BD26000FC309 /* Build configuration list for PBXNativeTarget "HoratioDemo" */;
			buildPhases = (
				EDB09D231D85BD25000FC309 /* Sources */,
				EDB09D241D85BD25000FC309 /* Frameworks */,
				EDB09D251D85BD25000FC309 /* Resources */,
			);
			buildRules = (
			);
			dependencies = (
			);
			name = HoratioDemo;
			productName = HoratioDemo;
			productReference = EDB09D271D85BD25000FC309 /* HoratioDemo.app */;
			productType = "com.apple.product-type.application";
		};
		EDB09D3D1D85BD26000FC309 /* HoratioDemoTests */ = {
			isa = PBXNativeTarget;
			buildConfigurationList = EDB09D551D85BD26000FC309 /* Build configuration list for PBXNativeTarget "HoratioDemoTests" */;
			buildPhases = (
				EDB09D3A1D85BD26000FC309 /* Sources */,
				EDB09D3B1D85BD26000FC309 /* Frameworks */,
				EDB09D3C1D85BD26000FC309 /* Resources */,
			);
			buildRules = (
			);
			dependencies = (
				EDB09D401D85BD26000FC309 /* PBXTargetDependency */,
			);
			name = HoratioDemoTests;
			productName = HoratioDemoTests;
			productReference = EDB09D3E1D85BD26000FC309 /* HoratioDemoTests.xctest */;
			productType = "com.apple.product-type.bundle.unit-test";
		};
		EDB09D481D85BD26000FC309 /* HoratioDemoUITests */ = {
			isa = PBXNativeTarget;
			buildConfigurationList = EDB09D581D85BD26000FC309 /* Build configuration list for PBXNativeTarget "HoratioDemoUITests" */;
			buildPhases = (
				EDB09D451D85BD26000FC309 /* Sources */,
				EDB09D461D85BD26000FC309 /* Frameworks */,
				EDB09D471D85BD26000FC309 /* Resources */,
			);
			buildRules = (
			);
			dependencies = (
				EDB09D4B1D85BD26000FC309 /* PBXTargetDependency */,
			);
			name = HoratioDemoUITests;
			productName = HoratioDemoUITests;
			productReference = EDB09D491D85BD26000FC309 /* HoratioDemoUITests.xctest */;
			productType = "com.apple.product-type.bundle.ui-testing";
		};
/* End PBXNativeTarget section */

/* Begin PBXProject section */
		EDB09D1F1D85BD25000FC309 /* Project object */ = {
			isa = PBXProject;
			attributes = {
				LastSwiftUpdateCheck = 0800;
				LastUpgradeCheck = 0810;
				ORGANIZATIONNAME = "Mudpot Apps";
				TargetAttributes = {
					EDB09D261D85BD25000FC309 = {
						CreatedOnToolsVersion = 8.0;
						DevelopmentTeam = 46RFK4MJ8P;
						LastSwiftMigration = 0800;
						ProvisioningStyle = Automatic;
					};
					EDB09D3D1D85BD26000FC309 = {
						CreatedOnToolsVersion = 8.0;
						DevelopmentTeam = 46RFK4MJ8P;
						LastSwiftMigration = 0800;
						ProvisioningStyle = Automatic;
						TestTargetID = EDB09D261D85BD25000FC309;
					};
					EDB09D481D85BD26000FC309 = {
						CreatedOnToolsVersion = 8.0;
						DevelopmentTeam = 46RFK4MJ8P;
						LastSwiftMigration = 0800;
						ProvisioningStyle = Automatic;
						TestTargetID = EDB09D261D85BD25000FC309;
					};
				};
			};
			buildConfigurationList = EDB09D221D85BD25000FC309 /* Build configuration list for PBXProject "HoratioDemo" */;
			compatibilityVersion = "Xcode 3.2";
			developmentRegion = English;
			hasScannedForEncodings = 0;
			knownRegions = (
				en,
				Base,
			);
			mainGroup = EDB09D1E1D85BD25000FC309;
			productRefGroup = EDB09D281D85BD25000FC309 /* Products */;
			projectDirPath = "";
			projectReferences = (
				{
					ProductGroup = EDB7F4C01EC2137B0037CCB3 /* Products */;
					ProjectRef = EDB7F4BF1EC2137B0037CCB3 /* Horatio.xcodeproj */;
				},
			);
			projectRoot = "";
			targets = (
				EDB09D261D85BD25000FC309 /* HoratioDemo */,
				EDB09D3D1D85BD26000FC309 /* HoratioDemoTests */,
				EDB09D481D85BD26000FC309 /* HoratioDemoUITests */,
			);
		};
/* End PBXProject section */

/* Begin PBXReferenceProxy section */
		EDB7F4C51EC2137B0037CCB3 /* Horatio.framework */ = {
			isa = PBXReferenceProxy;
			fileType = wrapper.framework;
			path = Horatio.framework;
			remoteRef = EDB7F4C41EC2137B0037CCB3 /* PBXContainerItemProxy */;
			sourceTree = BUILT_PRODUCTS_DIR;
		};
		EDB7F4C71EC2137B0037CCB3 /* HoratioTests.xctest */ = {
			isa = PBXReferenceProxy;
			fileType = wrapper.cfbundle;
			path = HoratioTests.xctest;
			remoteRef = EDB7F4C61EC2137B0037CCB3 /* PBXContainerItemProxy */;
			sourceTree = BUILT_PRODUCTS_DIR;
		};
/* End PBXReferenceProxy section */

/* Begin PBXResourcesBuildPhase section */
		EDB09D251D85BD25000FC309 /* Resources */ = {
			isa = PBXResourcesBuildPhase;
			buildActionMask = 2147483647;
			files = (
				EDB09D381D85BD25000FC309 /* LaunchScreen.storyboard in Resources */,
				EDB09D351D85BD25000FC309 /* Assets.xcassets in Resources */,
				EDB09D301D85BD25000FC309 /* Main.storyboard in Resources */,
			);
			runOnlyForDeploymentPostprocessing = 0;
		};
		EDB09D3C1D85BD26000FC309 /* Resources */ = {
			isa = PBXResourcesBuildPhase;
			buildActionMask = 2147483647;
			files = (
			);
			runOnlyForDeploymentPostprocessing = 0;
		};
		EDB09D471D85BD26000FC309 /* Resources */ = {
			isa = PBXResourcesBuildPhase;
			buildActionMask = 2147483647;
			files = (
			);
			runOnlyForDeploymentPostprocessing = 0;
		};
/* End PBXResourcesBuildPhase section */

/* Begin PBXSourcesBuildPhase section */
		EDB09D231D85BD25000FC309 /* Sources */ = {
			isa = PBXSourcesBuildPhase;
			buildActionMask = 2147483647;
			files = (
				EDB09D2D1D85BD25000FC309 /* ViewController.swift in Sources */,
				EDB09D331D85BD25000FC309 /* HoratioDemo.xcdatamodeld in Sources */,
				EDB09D2B1D85BD25000FC309 /* AppDelegate.swift in Sources */,
			);
			runOnlyForDeploymentPostprocessing = 0;
		};
		EDB09D3A1D85BD26000FC309 /* Sources */ = {
			isa = PBXSourcesBuildPhase;
			buildActionMask = 2147483647;
			files = (
				EDB09D431D85BD26000FC309 /* HoratioDemoTests.swift in Sources */,
			);
			runOnlyForDeploymentPostprocessing = 0;
		};
		EDB09D451D85BD26000FC309 /* Sources */ = {
			isa = PBXSourcesBuildPhase;
			buildActionMask = 2147483647;
			files = (
				EDB09D4E1D85BD26000FC309 /* HoratioDemoUITests.swift in Sources */,
			);
			runOnlyForDeploymentPostprocessing = 0;
		};
/* End PBXSourcesBuildPhase section */

/* Begin PBXTargetDependency section */
		EDB09D401D85BD26000FC309 /* PBXTargetDependency */ = {
			isa = PBXTargetDependency;
			target = EDB09D261D85BD25000FC309 /* HoratioDemo */;
			targetProxy = EDB09D3F1D85BD26000FC309 /* PBXContainerItemProxy */;
		};
		EDB09D4B1D85BD26000FC309 /* PBXTargetDependency */ = {
			isa = PBXTargetDependency;
			target = EDB09D261D85BD25000FC309 /* HoratioDemo */;
			targetProxy = EDB09D4A1D85BD26000FC309 /* PBXContainerItemProxy */;
		};
/* End PBXTargetDependency section */

/* Begin PBXVariantGroup section */
		EDB09D2E1D85BD25000FC309 /* Main.storyboard */ = {
			isa = PBXVariantGroup;
			children = (
				EDB09D2F1D85BD25000FC309 /* Base */,
			);
			name = Main.storyboard;
			sourceTree = "<group>";
		};
		EDB09D361D85BD25000FC309 /* LaunchScreen.storyboard */ = {
			isa = PBXVariantGroup;
			children = (
				EDB09D371D85BD25000FC309 /* Base */,
			);
			name = LaunchScreen.storyboard;
			sourceTree = "<group>";
		};
/* End PBXVariantGroup section */

/* Begin XCBuildConfiguration section */
		EDB09D501D85BD26000FC309 /* Debug */ = {
			isa = XCBuildConfiguration;
			buildSettings = {
				ALWAYS_SEARCH_USER_PATHS = NO;
				CLANG_ANALYZER_NONNULL = YES;
				CLANG_CXX_LANGUAGE_STANDARD = "gnu++0x";
				CLANG_CXX_LIBRARY = "libc++";
				CLANG_ENABLE_MODULES = YES;
				CLANG_ENABLE_OBJC_ARC = YES;
				CLANG_WARN_BOOL_CONVERSION = YES;
				CLANG_WARN_CONSTANT_CONVERSION = YES;
				CLANG_WARN_DIRECT_OBJC_ISA_USAGE = YES_ERROR;
				CLANG_WARN_DOCUMENTATION_COMMENTS = YES;
				CLANG_WARN_EMPTY_BODY = YES;
				CLANG_WARN_ENUM_CONVERSION = YES;
				CLANG_WARN_INFINITE_RECURSION = YES;
				CLANG_WARN_INT_CONVERSION = YES;
				CLANG_WARN_OBJC_ROOT_CLASS = YES_ERROR;
				CLANG_WARN_SUSPICIOUS_MOVE = YES;
				CLANG_WARN_SUSPICIOUS_MOVES = YES;
				CLANG_WARN_UNREACHABLE_CODE = YES;
				CLANG_WARN__DUPLICATE_METHOD_MATCH = YES;
				"CODE_SIGN_IDENTITY[sdk=iphoneos*]" = "iPhone Developer";
				COPY_PHASE_STRIP = NO;
				DEBUG_INFORMATION_FORMAT = dwarf;
				ENABLE_STRICT_OBJC_MSGSEND = YES;
				ENABLE_TESTABILITY = YES;
				GCC_C_LANGUAGE_STANDARD = gnu99;
				GCC_DYNAMIC_NO_PIC = NO;
				GCC_NO_COMMON_BLOCKS = YES;
				GCC_OPTIMIZATION_LEVEL = 0;
				GCC_PREPROCESSOR_DEFINITIONS = (
					"DEBUG=1",
					"$(inherited)",
				);
				GCC_WARN_64_TO_32_BIT_CONVERSION = YES;
				GCC_WARN_ABOUT_RETURN_TYPE = YES_ERROR;
				GCC_WARN_UNDECLARED_SELECTOR = YES;
				GCC_WARN_UNINITIALIZED_AUTOS = YES_AGGRESSIVE;
				GCC_WARN_UNUSED_FUNCTION = YES;
				GCC_WARN_UNUSED_VARIABLE = YES;
				IPHONEOS_DEPLOYMENT_TARGET = 10.0;
				MTL_ENABLE_DEBUG_INFO = YES;
				ONLY_ACTIVE_ARCH = YES;
				SDKROOT = iphoneos;
				SWIFT_ACTIVE_COMPILATION_CONDITIONS = DEBUG;
				SWIFT_OPTIMIZATION_LEVEL = "-Onone";
				SWIFT_VERSION = 2.3;
				TARGETED_DEVICE_FAMILY = "1,2";
			};
			name = Debug;
		};
		EDB09D511D85BD26000FC309 /* Release */ = {
			isa = XCBuildConfiguration;
			buildSettings = {
				ALWAYS_SEARCH_USER_PATHS = NO;
				CLANG_ANALYZER_NONNULL = YES;
				CLANG_CXX_LANGUAGE_STANDARD = "gnu++0x";
				CLANG_CXX_LIBRARY = "libc++";
				CLANG_ENABLE_MODULES = YES;
				CLANG_ENABLE_OBJC_ARC = YES;
				CLANG_WARN_BOOL_CONVERSION = YES;
				CLANG_WARN_CONSTANT_CONVERSION = YES;
				CLANG_WARN_DIRECT_OBJC_ISA_USAGE = YES_ERROR;
				CLANG_WARN_DOCUMENTATION_COMMENTS = YES;
				CLANG_WARN_EMPTY_BODY = YES;
				CLANG_WARN_ENUM_CONVERSION = YES;
				CLANG_WARN_INFINITE_RECURSION = YES;
				CLANG_WARN_INT_CONVERSION = YES;
				CLANG_WARN_OBJC_ROOT_CLASS = YES_ERROR;
				CLANG_WARN_SUSPICIOUS_MOVE = YES;
				CLANG_WARN_SUSPICIOUS_MOVES = YES;
				CLANG_WARN_UNREACHABLE_CODE = YES;
				CLANG_WARN__DUPLICATE_METHOD_MATCH = YES;
				"CODE_SIGN_IDENTITY[sdk=iphoneos*]" = "iPhone Developer";
				COPY_PHASE_STRIP = NO;
				DEBUG_INFORMATION_FORMAT = "dwarf-with-dsym";
				ENABLE_NS_ASSERTIONS = NO;
				ENABLE_STRICT_OBJC_MSGSEND = YES;
				GCC_C_LANGUAGE_STANDARD = gnu99;
				GCC_NO_COMMON_BLOCKS = YES;
				GCC_WARN_64_TO_32_BIT_CONVERSION = YES;
				GCC_WARN_ABOUT_RETURN_TYPE = YES_ERROR;
				GCC_WARN_UNDECLARED_SELECTOR = YES;
				GCC_WARN_UNINITIALIZED_AUTOS = YES_AGGRESSIVE;
				GCC_WARN_UNUSED_FUNCTION = YES;
				GCC_WARN_UNUSED_VARIABLE = YES;
				IPHONEOS_DEPLOYMENT_TARGET = 10.0;
				MTL_ENABLE_DEBUG_INFO = NO;
				SDKROOT = iphoneos;
				SWIFT_OPTIMIZATION_LEVEL = "-Owholemodule";
				SWIFT_VERSION = 2.3;
				TARGETED_DEVICE_FAMILY = "1,2";
				VALIDATE_PRODUCT = YES;
			};
			name = Release;
		};
		EDB09D531D85BD26000FC309 /* Debug */ = {
			isa = XCBuildConfiguration;
			buildSettings = {
				ASSETCATALOG_COMPILER_APPICON_NAME = AppIcon;
				DEVELOPMENT_TEAM = 46RFK4MJ8P;
				INFOPLIST_FILE = HoratioDemo/Info.plist;
				LD_RUNPATH_SEARCH_PATHS = "$(inherited) @executable_path/Frameworks";
				PRODUCT_BUNDLE_IDENTIFIER = com.mudpotapps.HoratioDemo;
				PRODUCT_NAME = "$(TARGET_NAME)";
				SWIFT_VERSION = 3.0;
			};
			name = Debug;
		};
		EDB09D541D85BD26000FC309 /* Release */ = {
			isa = XCBuildConfiguration;
			buildSettings = {
				ASSETCATALOG_COMPILER_APPICON_NAME = AppIcon;
				DEVELOPMENT_TEAM = 46RFK4MJ8P;
				INFOPLIST_FILE = HoratioDemo/Info.plist;
				LD_RUNPATH_SEARCH_PATHS = "$(inherited) @executable_path/Frameworks";
				PRODUCT_BUNDLE_IDENTIFIER = com.mudpotapps.HoratioDemo;
				PRODUCT_NAME = "$(TARGET_NAME)";
				SWIFT_VERSION = 3.0;
			};
			name = Release;
		};
		EDB09D561D85BD26000FC309 /* Debug */ = {
			isa = XCBuildConfiguration;
			buildSettings = {
				ALWAYS_EMBED_SWIFT_STANDARD_LIBRARIES = YES;
				BUNDLE_LOADER = "$(TEST_HOST)";
				DEVELOPMENT_TEAM = 46RFK4MJ8P;
				INFOPLIST_FILE = HoratioDemoTests/Info.plist;
				LD_RUNPATH_SEARCH_PATHS = "$(inherited) @executable_path/Frameworks @loader_path/Frameworks";
				PRODUCT_BUNDLE_IDENTIFIER = com.mudpotapps.HoratioDemoTests;
				PRODUCT_NAME = "$(TARGET_NAME)";
				SWIFT_VERSION = 3.0;
				TEST_HOST = "$(BUILT_PRODUCTS_DIR)/HoratioDemo.app/HoratioDemo";
			};
			name = Debug;
		};
		EDB09D571D85BD26000FC309 /* Release */ = {
			isa = XCBuildConfiguration;
			buildSettings = {
				ALWAYS_EMBED_SWIFT_STANDARD_LIBRARIES = YES;
				BUNDLE_LOADER = "$(TEST_HOST)";
				DEVELOPMENT_TEAM = 46RFK4MJ8P;
				INFOPLIST_FILE = HoratioDemoTests/Info.plist;
				LD_RUNPATH_SEARCH_PATHS = "$(inherited) @executable_path/Frameworks @loader_path/Frameworks";
				PRODUCT_BUNDLE_IDENTIFIER = com.mudpotapps.HoratioDemoTests;
				PRODUCT_NAME = "$(TARGET_NAME)";
				SWIFT_VERSION = 3.0;
				TEST_HOST = "$(BUILT_PRODUCTS_DIR)/HoratioDemo.app/HoratioDemo";
			};
			name = Release;
		};
		EDB09D591D85BD26000FC309 /* Debug */ = {
			isa = XCBuildConfiguration;
			buildSettings = {
				ALWAYS_EMBED_SWIFT_STANDARD_LIBRARIES = YES;
				DEVELOPMENT_TEAM = 46RFK4MJ8P;
				INFOPLIST_FILE = HoratioDemoUITests/Info.plist;
				LD_RUNPATH_SEARCH_PATHS = "$(inherited) @executable_path/Frameworks @loader_path/Frameworks";
				PRODUCT_BUNDLE_IDENTIFIER = com.mudpotapps.HoratioDemoUITests;
				PRODUCT_NAME = "$(TARGET_NAME)";
				SWIFT_VERSION = 3.0;
				TEST_TARGET_NAME = HoratioDemo;
			};
			name = Debug;
		};
		EDB09D5A1D85BD26000FC309 /* Release */ = {
			isa = XCBuildConfiguration;
			buildSettings = {
				ALWAYS_EMBED_SWIFT_STANDARD_LIBRARIES = YES;
				DEVELOPMENT_TEAM = 46RFK4MJ8P;
				INFOPLIST_FILE = HoratioDemoUITests/Info.plist;
				LD_RUNPATH_SEARCH_PATHS = "$(inherited) @executable_path/Frameworks @loader_path/Frameworks";
				PRODUCT_BUNDLE_IDENTIFIER = com.mudpotapps.HoratioDemoUITests;
				PRODUCT_NAME = "$(TARGET_NAME)";
				SWIFT_VERSION = 3.0;
				TEST_TARGET_NAME = HoratioDemo;
			};
			name = Release;
		};
/* End XCBuildConfiguration section */

/* Begin XCConfigurationList section */
		EDB09D221D85BD25000FC309 /* Build configuration list for PBXProject "HoratioDemo" */ = {
			isa = XCConfigurationList;
			buildConfigurations = (
				EDB09D501D85BD26000FC309 /* Debug */,
				EDB09D511D85BD26000FC309 /* Release */,
			);
			defaultConfigurationIsVisible = 0;
			defaultConfigurationName = Release;
		};
		EDB09D521D85BD26000FC309 /* Build configuration list for PBXNativeTarget "HoratioDemo" */ = {
			isa = XCConfigurationList;
			buildConfigurations = (
				EDB09D531D85BD26000FC309 /* Debug */,
				EDB09D541D85BD26000FC309 /* Release */,
			);
			defaultConfigurationIsVisible = 0;
			defaultConfigurationName = Release;
		};
		EDB09D551D85BD26000FC309 /* Build configuration list for PBXNativeTarget "HoratioDemoTests" */ = {
			isa = XCConfigurationList;
			buildConfigurations = (
				EDB09D561D85BD26000FC309 /* Debug */,
				EDB09D571D85BD26000FC309 /* Release */,
			);
			defaultConfigurationIsVisible = 0;
			defaultConfigurationName = Release;
		};
		EDB09D581D85BD26000FC309 /* Build configuration list for PBXNativeTarget "HoratioDemoUITests" */ = {
			isa = XCConfigurationList;
			buildConfigurations = (
				EDB09D591D85BD26000FC309 /* Debug */,
				EDB09D5A1D85BD26000FC309 /* Release */,
			);
			defaultConfigurationIsVisible = 0;
			defaultConfigurationName = Release;
		};
/* End XCConfigurationList section */

/* Begin XCVersionGroup section */
		EDB09D311D85BD25000FC309 /* HoratioDemo.xcdatamodeld */ = {
			isa = XCVersionGroup;
			children = (
				EDB09D321D85BD25000FC309 /* HoratioDemo.xcdatamodel */,
			);
			currentVersion = EDB09D321D85BD25000FC309 /* HoratioDemo.xcdatamodel */;
			path = HoratioDemo.xcdatamodeld;
			sourceTree = "<group>";
			versionGroupType = wrapper.xcdatamodel;
		};
/* End XCVersionGroup section */
	};
	rootObject = EDB09D1F1D85BD25000FC309 /* Project object */;
}
